
Microsoft Visual Studio Solution File, Format Version 12.00
# Visual Studio 15
VisualStudioVersion = 15.0.27703.2018
MinimumVisualStudioVersion = 10.0.40219.1
Project("{FAE04EC0-301F-11D3-BF4B-00C04F79EFBC}") = "ComposerInfo_WebApp", "ComposerInfo_WebApp\ComposerInfo_WebApp.csproj", "{D331A417-35B9-407C-80D2-AE1BF728853B}"
EndProject
Global
	GlobalSection(SolutionConfigurationPlatforms) = preSolution
		Debug|Any CPU = Debug|Any CPU
		Release|Any CPU = Release|Any CPU
	EndGlobalSection
	GlobalSection(ProjectConfigurationPlatforms) = postSolution
		{D331A417-35B9-407C-80D2-AE1BF728853B}.Debug|Any CPU.ActiveCfg = Debug|Any CPU
		{D331A417-35B9-407C-80D2-AE1BF728853B}.Debug|Any CPU.Build.0 = Debug|Any CPU
		{D331A417-35B9-407C-80D2-AE1BF728853B}.Release|Any CPU.ActiveCfg = Release|Any CPU
		{D331A417-35B9-407C-80D2-AE1BF728853B}.Release|Any CPU.Build.0 = Release|Any CPU
	EndGlobalSection
	GlobalSection(SolutionProperties) = preSolution
		HideSolutionNode = FALSE
	EndGlobalSection
	GlobalSection(ExtensibilityGlobals) = postSolution
		SolutionGuid = {0196E8F8-2C3C-4C5B-9D99-8BCC3BF0A40E}
	EndGlobalSection
EndGlobal
